
Microsoft Visual Studio Solution File, Format Version 12.00
# Visual Studio 14
VisualStudioVersion = 14.0.25123.0
MinimumVisualStudioVersion = 10.0.40219.1
Project("{FAE04EC0-301F-11D3-BF4B-00C04F79EFBC}") = "MvcBootcamp.Web", "MvcBootcamp.Web\MvcBootcamp.Web.csproj", "{04C2255A-F45B-4F46-9659-59950193B589}"
EndProject
Project("{FAE04EC0-301F-11D3-BF4B-00C04F79EFBC}") = "MvcBootcamp.Web.Tests", "MvcBootcamp.Web.Tests\MvcBootcamp.Web.Tests.csproj", "{5249EC46-0ECB-4A4F-B55C-8B7BC0DC02FF}"
EndProject
Project("{FAE04EC0-301F-11D3-BF4B-00C04F79EFBC}") = "DAL", "DAL\DAL.csproj", "{E317A88D-F709-4CCC-929D-75C37944BA4B}"
EndProject
Project("{FAE04EC0-301F-11D3-BF4B-00C04F79EFBC}") = "NorthwindRepository", "NorthwindRepository\NorthwindRepository.csproj", "{C17438C9-6735-413E-8869-2E32EA272751}"
EndProject
Global
	GlobalSection(SolutionConfigurationPlatforms) = preSolution
		Debug|Any CPU = Debug|Any CPU
		Release|Any CPU = Release|Any CPU
	EndGlobalSection
	GlobalSection(ProjectConfigurationPlatforms) = postSolution
		{04C2255A-F45B-4F46-9659-59950193B589}.Debug|Any CPU.ActiveCfg = Debug|Any CPU
		{04C2255A-F45B-4F46-9659-59950193B589}.Debug|Any CPU.Build.0 = Debug|Any CPU
		{04C2255A-F45B-4F46-9659-59950193B589}.Release|Any CPU.ActiveCfg = Release|Any CPU
		{04C2255A-F45B-4F46-9659-59950193B589}.Release|Any CPU.Build.0 = Release|Any CPU
		{5249EC46-0ECB-4A4F-B55C-8B7BC0DC02FF}.Debug|Any CPU.ActiveCfg = Debug|Any CPU
		{5249EC46-0ECB-4A4F-B55C-8B7BC0DC02FF}.Debug|Any CPU.Build.0 = Debug|Any CPU
		{5249EC46-0ECB-4A4F-B55C-8B7BC0DC02FF}.Release|Any CPU.ActiveCfg = Release|Any CPU
		{5249EC46-0ECB-4A4F-B55C-8B7BC0DC02FF}.Release|Any CPU.Build.0 = Release|Any CPU
		{E317A88D-F709-4CCC-929D-75C37944BA4B}.Debug|Any CPU.ActiveCfg = Debug|Any CPU
		{E317A88D-F709-4CCC-929D-75C37944BA4B}.Debug|Any CPU.Build.0 = Debug|Any CPU
		{E317A88D-F709-4CCC-929D-75C37944BA4B}.Release|Any CPU.ActiveCfg = Release|Any CPU
		{E317A88D-F709-4CCC-929D-75C37944BA4B}.Release|Any CPU.Build.0 = Release|Any CPU
		{C17438C9-6735-413E-8869-2E32EA272751}.Debug|Any CPU.ActiveCfg = Debug|Any CPU
		{C17438C9-6735-413E-8869-2E32EA272751}.Debug|Any CPU.Build.0 = Debug|Any CPU
		{C17438C9-6735-413E-8869-2E32EA272751}.Release|Any CPU.ActiveCfg = Release|Any CPU
		{C17438C9-6735-413E-8869-2E32EA272751}.Release|Any CPU.Build.0 = Release|Any CPU
	EndGlobalSection
	GlobalSection(SolutionProperties) = preSolution
		HideSolutionNode = FALSE
	EndGlobalSection
EndGlobal
